
Microsoft Visual Studio Solution File, Format Version 12.00
# Visual Studio Version 17
VisualStudioVersion = 17.11.35327.3
MinimumVisualStudioVersion = 10.0.40219.1
Project("{FAE04EC0-301F-11D3-BF4B-00C04F79EFBC}") = "MapSui_Maui", "MapSui_Maui\MapSui_Maui.csproj", "{58E740A6-07EA-45E9-827E-834CE4770B8B}"
EndProject
Global
	GlobalSection(SolutionConfigurationPlatforms) = preSolution
		Debug|Any CPU = Debug|Any CPU
		Release|Any CPU = Release|Any CPU
	EndGlobalSection
	GlobalSection(ProjectConfigurationPlatforms) = postSolution
		{58E740A6-07EA-45E9-827E-834CE4770B8B}.Debug|Any CPU.ActiveCfg = Debug|Any CPU
		{58E740A6-07EA-45E9-827E-834CE4770B8B}.Debug|Any CPU.Build.0 = Debug|Any CPU
		{58E740A6-07EA-45E9-827E-834CE4770B8B}.Debug|Any CPU.Deploy.0 = Debug|Any CPU
		{58E740A6-07EA-45E9-827E-834CE4770B8B}.Release|Any CPU.ActiveCfg = Release|Any CPU
		{58E740A6-07EA-45E9-827E-834CE4770B8B}.Release|Any CPU.Build.0 = Release|Any CPU
		{58E740A6-07EA-45E9-827E-834CE4770B8B}.Release|Any CPU.Deploy.0 = Release|Any CPU
	EndGlobalSection
	GlobalSection(SolutionProperties) = preSolution
		HideSolutionNode = FALSE
	EndGlobalSection
	GlobalSection(ExtensibilityGlobals) = postSolution
		SolutionGuid = {5A5245C1-852F-493A-AEC1-0EA45F447E88}
	EndGlobalSection
EndGlobal
